
Microsoft Visual Studio Solution File, Format Version 12.00
# Visual Studio Version 16
VisualStudioVersion = 16.0.30413.136
MinimumVisualStudioVersion = 10.0.40219.1
Project("{2150E333-8FDC-42A3-9474-1A3956D46DE8}") = "01 Clients", "01 Clients", "{DAE74808-C8A7-4D01-BCDE-432C90475CA5}"
EndProject
Project("{2150E333-8FDC-42A3-9474-1A3956D46DE8}") = "02 Api.Gateways", "02 Api.Gateways", "{919F772D-B88C-42ED-B47A-0705A2DD8586}"
EndProject
Project("{2150E333-8FDC-42A3-9474-1A3956D46DE8}") = "03 Services", "03 Services", "{D7B96B68-38F5-403B-A6B7-DB3D9C53BF44}"
EndProject
Project("{2150E333-8FDC-42A3-9474-1A3956D46DE8}") = "01 Identity", "01 Identity", "{DC430E5D-339E-4821-87E8-78637C66BB22}"
EndProject
Project("{2150E333-8FDC-42A3-9474-1A3956D46DE8}") = "02 Catalog", "02 Catalog", "{BE58F502-12EE-46EF-8C9D-34C75CE60469}"
EndProject
Project("{2150E333-8FDC-42A3-9474-1A3956D46DE8}") = "03 Customer", "03 Customer", "{FBD871CC-5AC6-421D-BB39-F6BFA59B72A8}"
EndProject
Project("{2150E333-8FDC-42A3-9474-1A3956D46DE8}") = "04 Order", "04 Order", "{84B22159-9CF7-4FF9-B380-2C947307D084}"
EndProject
Project("{9A19103F-16F7-4668-BE54-9A1E7A4F7556}") = "Catalog.Api", "src\Services\Catalog\Catalog.Api\Catalog.Api.csproj", "{D38252BA-F504-446A-869A-B7D795210BE3}"
EndProject
Project("{2150E333-8FDC-42A3-9474-1A3956D46DE8}") = "01 Api", "01 Api", "{3B093BB0-D2FE-4B8D-A8FB-9CD86CDCEE28}"
EndProject
Project("{2150E333-8FDC-42A3-9474-1A3956D46DE8}") = "02 Service", "02 Service", "{03E1E85D-FB24-43DA-B207-F33A494E93A0}"
EndProject
Project("{2150E333-8FDC-42A3-9474-1A3956D46DE8}") = "03 Persistence", "03 Persistence", "{AD16617E-41FB-4948-A0E6-FAB1C395A953}"
EndProject
Project("{2150E333-8FDC-42A3-9474-1A3956D46DE8}") = "04 Models", "04 Models", "{B9529655-C489-4187-A958-C2CCC101B2E6}"
EndProject
Project("{9A19103F-16F7-4668-BE54-9A1E7A4F7556}") = "Catalog.Domain", "src\Services\Catalog\Catalog.Domain\Catalog.Domain.csproj", "{51D8317F-335F-4EB7-93E8-F6070CCC8A91}"
EndProject
Project("{9A19103F-16F7-4668-BE54-9A1E7A4F7556}") = "Catalog.Persistence.Database", "src\Services\Catalog\Catalog.Persistence.Database\Catalog.Persistence.Database.csproj", "{3563A61B-A15C-4282-AC79-BCF79555E185}"
EndProject
Project("{FAE04EC0-301F-11D3-BF4B-00C04F79EFBC}") = "Catalog.Services.Queries", "src\Services\Catalog\Catalog.Services.Queries\Catalog.Services.Queries.csproj", "{C308ED41-7FA8-4F42-8103-3505E6B62143}"
EndProject
Project("{2150E333-8FDC-42A3-9474-1A3956D46DE8}") = "Common", "Common", "{01143B96-A130-48AC-99D0-4E3E8C86F2C6}"
EndProject
Project("{FAE04EC0-301F-11D3-BF4B-00C04F79EFBC}") = "Service.Common.Collection", "src\Services\Service.Common.Collection\Service.Common.Collection.csproj", "{3F3FBB3D-DB56-4B2F-8B7D-F45D299D61FC}"
EndProject
Project("{FAE04EC0-301F-11D3-BF4B-00C04F79EFBC}") = "Service.Common.Mapping", "src\Services\Service.Common.Mapping\Service.Common.Mapping.csproj", "{A2A6AFF4-A6C1-4E44-8DC0-E68BE1B59374}"
EndProject
Project("{FAE04EC0-301F-11D3-BF4B-00C04F79EFBC}") = "Service.Common.Paging", "src\Services\Service.Common.Paging\Service.Common.Paging.csproj", "{E178EECF-1CCC-4508-AD6B-D1904654396A}"
EndProject
Project("{FAE04EC0-301F-11D3-BF4B-00C04F79EFBC}") = "Catalog.Service.EventHandlers", "src\Services\Catalog\Catalog.Service.EventHandlers\Catalog.Service.EventHandlers.csproj", "{D3C8A1DF-821F-413A-A85B-DCEC7559CCEE}"
EndProject
Global
	GlobalSection(SolutionConfigurationPlatforms) = preSolution
		Debug|Any CPU = Debug|Any CPU
		Release|Any CPU = Release|Any CPU
	EndGlobalSection
	GlobalSection(ProjectConfigurationPlatforms) = postSolution
		{D38252BA-F504-446A-869A-B7D795210BE3}.Debug|Any CPU.ActiveCfg = Debug|Any CPU
		{D38252BA-F504-446A-869A-B7D795210BE3}.Debug|Any CPU.Build.0 = Debug|Any CPU
		{D38252BA-F504-446A-869A-B7D795210BE3}.Release|Any CPU.ActiveCfg = Release|Any CPU
		{D38252BA-F504-446A-869A-B7D795210BE3}.Release|Any CPU.Build.0 = Release|Any CPU
		{51D8317F-335F-4EB7-93E8-F6070CCC8A91}.Debug|Any CPU.ActiveCfg = Debug|Any CPU
		{51D8317F-335F-4EB7-93E8-F6070CCC8A91}.Debug|Any CPU.Build.0 = Debug|Any CPU
		{51D8317F-335F-4EB7-93E8-F6070CCC8A91}.Release|Any CPU.ActiveCfg = Release|Any CPU
		{51D8317F-335F-4EB7-93E8-F6070CCC8A91}.Release|Any CPU.Build.0 = Release|Any CPU
		{3563A61B-A15C-4282-AC79-BCF79555E185}.Debug|Any CPU.ActiveCfg = Debug|Any CPU
		{3563A61B-A15C-4282-AC79-BCF79555E185}.Debug|Any CPU.Build.0 = Debug|Any CPU
		{3563A61B-A15C-4282-AC79-BCF79555E185}.Release|Any CPU.ActiveCfg = Release|Any CPU
		{3563A61B-A15C-4282-AC79-BCF79555E185}.Release|Any CPU.Build.0 = Release|Any CPU
		{C308ED41-7FA8-4F42-8103-3505E6B62143}.Debug|Any CPU.ActiveCfg = Debug|Any CPU
		{C308ED41-7FA8-4F42-8103-3505E6B62143}.Debug|Any CPU.Build.0 = Debug|Any CPU
		{C308ED41-7FA8-4F42-8103-3505E6B62143}.Release|Any CPU.ActiveCfg = Release|Any CPU
		{C308ED41-7FA8-4F42-8103-3505E6B62143}.Release|Any CPU.Build.0 = Release|Any CPU
		{3F3FBB3D-DB56-4B2F-8B7D-F45D299D61FC}.Debug|Any CPU.ActiveCfg = Debug|Any CPU
		{3F3FBB3D-DB56-4B2F-8B7D-F45D299D61FC}.Debug|Any CPU.Build.0 = Debug|Any CPU
		{3F3FBB3D-DB56-4B2F-8B7D-F45D299D61FC}.Release|Any CPU.ActiveCfg = Release|Any CPU
		{3F3FBB3D-DB56-4B2F-8B7D-F45D299D61FC}.Release|Any CPU.Build.0 = Release|Any CPU
		{A2A6AFF4-A6C1-4E44-8DC0-E68BE1B59374}.Debug|Any CPU.ActiveCfg = Debug|Any CPU
		{A2A6AFF4-A6C1-4E44-8DC0-E68BE1B59374}.Debug|Any CPU.Build.0 = Debug|Any CPU
		{A2A6AFF4-A6C1-4E44-8DC0-E68BE1B59374}.Release|Any CPU.ActiveCfg = Release|Any CPU
		{A2A6AFF4-A6C1-4E44-8DC0-E68BE1B59374}.Release|Any CPU.Build.0 = Release|Any CPU
		{E178EECF-1CCC-4508-AD6B-D1904654396A}.Debug|Any CPU.ActiveCfg = Debug|Any CPU
		{E178EECF-1CCC-4508-AD6B-D1904654396A}.Debug|Any CPU.Build.0 = Debug|Any CPU
		{E178EECF-1CCC-4508-AD6B-D1904654396A}.Release|Any CPU.ActiveCfg = Release|Any CPU
		{E178EECF-1CCC-4508-AD6B-D1904654396A}.Release|Any CPU.Build.0 = Release|Any CPU
		{D3C8A1DF-821F-413A-A85B-DCEC7559CCEE}.Debug|Any CPU.ActiveCfg = Debug|Any CPU
		{D3C8A1DF-821F-413A-A85B-DCEC7559CCEE}.Debug|Any CPU.Build.0 = Debug|Any CPU
		{D3C8A1DF-821F-413A-A85B-DCEC7559CCEE}.Release|Any CPU.ActiveCfg = Release|Any CPU
		{D3C8A1DF-821F-413A-A85B-DCEC7559CCEE}.Release|Any CPU.Build.0 = Release|Any CPU
	EndGlobalSection
	GlobalSection(SolutionProperties) = preSolution
		HideSolutionNode = FALSE
	EndGlobalSection
	GlobalSection(NestedProjects) = preSolution
		{DC430E5D-339E-4821-87E8-78637C66BB22} = {D7B96B68-38F5-403B-A6B7-DB3D9C53BF44}
		{BE58F502-12EE-46EF-8C9D-34C75CE60469} = {D7B96B68-38F5-403B-A6B7-DB3D9C53BF44}
		{FBD871CC-5AC6-421D-BB39-F6BFA59B72A8} = {D7B96B68-38F5-403B-A6B7-DB3D9C53BF44}
		{84B22159-9CF7-4FF9-B380-2C947307D084} = {D7B96B68-38F5-403B-A6B7-DB3D9C53BF44}
		{D38252BA-F504-446A-869A-B7D795210BE3} = {3B093BB0-D2FE-4B8D-A8FB-9CD86CDCEE28}
		{3B093BB0-D2FE-4B8D-A8FB-9CD86CDCEE28} = {BE58F502-12EE-46EF-8C9D-34C75CE60469}
		{03E1E85D-FB24-43DA-B207-F33A494E93A0} = {BE58F502-12EE-46EF-8C9D-34C75CE60469}
		{AD16617E-41FB-4948-A0E6-FAB1C395A953} = {BE58F502-12EE-46EF-8C9D-34C75CE60469}
		{B9529655-C489-4187-A958-C2CCC101B2E6} = {BE58F502-12EE-46EF-8C9D-34C75CE60469}
		{51D8317F-335F-4EB7-93E8-F6070CCC8A91} = {B9529655-C489-4187-A958-C2CCC101B2E6}
		{3563A61B-A15C-4282-AC79-BCF79555E185} = {AD16617E-41FB-4948-A0E6-FAB1C395A953}
		{C308ED41-7FA8-4F42-8103-3505E6B62143} = {03E1E85D-FB24-43DA-B207-F33A494E93A0}
		{01143B96-A130-48AC-99D0-4E3E8C86F2C6} = {D7B96B68-38F5-403B-A6B7-DB3D9C53BF44}
		{3F3FBB3D-DB56-4B2F-8B7D-F45D299D61FC} = {01143B96-A130-48AC-99D0-4E3E8C86F2C6}
		{A2A6AFF4-A6C1-4E44-8DC0-E68BE1B59374} = {01143B96-A130-48AC-99D0-4E3E8C86F2C6}
		{E178EECF-1CCC-4508-AD6B-D1904654396A} = {01143B96-A130-48AC-99D0-4E3E8C86F2C6}
		{D3C8A1DF-821F-413A-A85B-DCEC7559CCEE} = {03E1E85D-FB24-43DA-B207-F33A494E93A0}
	EndGlobalSection
	GlobalSection(ExtensibilityGlobals) = postSolution
		SolutionGuid = {B8AEE138-3773-424F-BFD3-64216199E804}
	EndGlobalSection
EndGlobal
